
Microsoft Visual Studio Solution File, Format Version 12.00
# Visual Studio Version 17
VisualStudioVersion = 17.11.35219.272
MinimumVisualStudioVersion = 10.0.40219.1
Project("{C9674DCB-5085-4A16-B785-4C70DD1589BD}") = "ExportData", "ExportData.dtproj", "{96ED2B95-8FB0-442E-8179-A0FC968695C5}"
EndProject
Global
	GlobalSection(SolutionConfigurationPlatforms) = preSolution
		Development|Default = Development|Default
	EndGlobalSection
	GlobalSection(ProjectConfigurationPlatforms) = postSolution
		{96ED2B95-8FB0-442E-8179-A0FC968695C5}.Development|Default.ActiveCfg = Development
		{96ED2B95-8FB0-442E-8179-A0FC968695C5}.Development|Default.Build.0 = Development
	EndGlobalSection
	GlobalSection(SolutionProperties) = preSolution
		HideSolutionNode = FALSE
	EndGlobalSection
	GlobalSection(ExtensibilityGlobals) = postSolution
		SolutionGuid = {388F68EA-6C48-46A5-A720-36599B358349}
	EndGlobalSection
EndGlobal
