
Microsoft Visual Studio Solution File, Format Version 12.00
# Visual Studio Version 17
VisualStudioVersion = 17.11.35219.272
MinimumVisualStudioVersion = 10.0.40219.1
Project("{C9674DCB-5085-4A16-B785-4C70DD1589BD}") = "ImportData", "ImportData.dtproj", "{70CF4807-F895-4244-89F5-7FF06095ED9E}"
EndProject
Global
	GlobalSection(SolutionConfigurationPlatforms) = preSolution
		Development|Default = Development|Default
	EndGlobalSection
	GlobalSection(ProjectConfigurationPlatforms) = postSolution
		{70CF4807-F895-4244-89F5-7FF06095ED9E}.Development|Default.ActiveCfg = Development
		{70CF4807-F895-4244-89F5-7FF06095ED9E}.Development|Default.Build.0 = Development
	EndGlobalSection
	GlobalSection(SolutionProperties) = preSolution
		HideSolutionNode = FALSE
	EndGlobalSection
	GlobalSection(ExtensibilityGlobals) = postSolution
		SolutionGuid = {F28A83B2-E141-48CF-9EE3-6FA46C934DD2}
	EndGlobalSection
EndGlobal
